
Microsoft Visual Studio Solution File, Format Version 12.00
# Visual Studio Version 17
VisualStudioVersion = 17.7.34031.279
MinimumVisualStudioVersion = 10.0.40219.1
Project("{FAE04EC0-301F-11D3-BF4B-00C04F79EFBC}") = "Dynamic Pdf Editor.Server", "Dynamic Pdf Editor\Server\Dynamic Pdf Editor.Server.csproj", "{0F705B28-CF09-4A98-9E6A-8DEC896905D8}"
EndProject
Project("{FAE04EC0-301F-11D3-BF4B-00C04F79EFBC}") = "Dynamic Pdf Editor.Client", "Dynamic Pdf Editor\Client\Dynamic Pdf Editor.Client.csproj", "{39111390-A457-4419-A117-8B0C8884AD2E}"
EndProject
Project("{FAE04EC0-301F-11D3-BF4B-00C04F79EFBC}") = "Dynamic Pdf Editor.Shared", "Dynamic Pdf Editor\Shared\Dynamic Pdf Editor.Shared.csproj", "{33D1AB49-4D40-4ADD-BC86-47CD8A0D7136}"
EndProject
Global
	GlobalSection(SolutionConfigurationPlatforms) = preSolution
		Debug|Any CPU = Debug|Any CPU
		Release|Any CPU = Release|Any CPU
	EndGlobalSection
	GlobalSection(ProjectConfigurationPlatforms) = postSolution
		{0F705B28-CF09-4A98-9E6A-8DEC896905D8}.Debug|Any CPU.ActiveCfg = Debug|Any CPU
		{0F705B28-CF09-4A98-9E6A-8DEC896905D8}.Debug|Any CPU.Build.0 = Debug|Any CPU
		{0F705B28-CF09-4A98-9E6A-8DEC896905D8}.Release|Any CPU.ActiveCfg = Release|Any CPU
		{0F705B28-CF09-4A98-9E6A-8DEC896905D8}.Release|Any CPU.Build.0 = Release|Any CPU
		{39111390-A457-4419-A117-8B0C8884AD2E}.Debug|Any CPU.ActiveCfg = Debug|Any CPU
		{39111390-A457-4419-A117-8B0C8884AD2E}.Debug|Any CPU.Build.0 = Debug|Any CPU
		{39111390-A457-4419-A117-8B0C8884AD2E}.Release|Any CPU.ActiveCfg = Release|Any CPU
		{39111390-A457-4419-A117-8B0C8884AD2E}.Release|Any CPU.Build.0 = Release|Any CPU
		{33D1AB49-4D40-4ADD-BC86-47CD8A0D7136}.Debug|Any CPU.ActiveCfg = Debug|Any CPU
		{33D1AB49-4D40-4ADD-BC86-47CD8A0D7136}.Debug|Any CPU.Build.0 = Debug|Any CPU
		{33D1AB49-4D40-4ADD-BC86-47CD8A0D7136}.Release|Any CPU.ActiveCfg = Release|Any CPU
		{33D1AB49-4D40-4ADD-BC86-47CD8A0D7136}.Release|Any CPU.Build.0 = Release|Any CPU
	EndGlobalSection
	GlobalSection(SolutionProperties) = preSolution
		HideSolutionNode = FALSE
	EndGlobalSection
	GlobalSection(ExtensibilityGlobals) = postSolution
		SolutionGuid = {64CA7096-478D-4308-BF2B-7061B0E956FA}
	EndGlobalSection
EndGlobal
